
Microsoft Visual Studio Solution File, Format Version 12.00
# Visual Studio Version 16
VisualStudioVersion = 16.0.29306.81
MinimumVisualStudioVersion = 10.0.40219.1
Project("{FAE04EC0-301F-11D3-BF4B-00C04F79EFBC}") = "WebApi_Api", "WebApi_Api\WebApi_Api.csproj", "{19D72BB5-F25C-4600-A38B-5272A1DFC16B}"
EndProject
Project("{2150E333-8FDC-42A3-9474-1A3956D46DE8}") = "WebApi", "WebApi", "{25070C92-6C98-4E0C-A712-2BB0BD5BD7B0}"
EndProject
Project("{2150E333-8FDC-42A3-9474-1A3956D46DE8}") = "Web", "Web", "{F849A993-6878-4C5A-94DB-B161554D974D}"
EndProject
Project("{FAE04EC0-301F-11D3-BF4B-00C04F79EFBC}") = "WebApi_Services", "WebApi_Services\WebApi_Services.csproj", "{6B82D01B-194B-4657-B7B6-26D716D6CEEB}"
EndProject
Project("{FAE04EC0-301F-11D3-BF4B-00C04F79EFBC}") = "WebApi_Database", "WebApi_Database\WebApi_Database.csproj", "{468A67E9-DEEE-4B4A-A96D-0D3C04EF0724}"
EndProject
Project("{FAE04EC0-301F-11D3-BF4B-00C04F79EFBC}") = "WebApi_Entities", "WebApi_Entities\WebApi_Entities.csproj", "{3BF9B6AF-18D7-404C-86C5-EEABF00F640C}"
EndProject
Project("{FAE04EC0-301F-11D3-BF4B-00C04F79EFBC}") = "Web_Services", "Web_Services\Web_Services.csproj", "{42D8F938-EFDA-4E92-822C-7E52D634D784}"
EndProject
Project("{FAE04EC0-301F-11D3-BF4B-00C04F79EFBC}") = "Web_Front", "Web_Front\Web_Front.csproj", "{4725DFFA-EC6F-4C2F-BF2F-909F59FAE86B}"
EndProject
Project("{FAE04EC0-301F-11D3-BF4B-00C04F79EFBC}") = "Web_DomainClasses", "Web_DomainClasses\Web_DomainClasses.csproj", "{9814E8F1-1309-4600-B45F-74A2AA597D30}"
EndProject
Global
	GlobalSection(SolutionConfigurationPlatforms) = preSolution
		Debug|Any CPU = Debug|Any CPU
		Release|Any CPU = Release|Any CPU
	EndGlobalSection
	GlobalSection(ProjectConfigurationPlatforms) = postSolution
		{19D72BB5-F25C-4600-A38B-5272A1DFC16B}.Debug|Any CPU.ActiveCfg = Debug|Any CPU
		{19D72BB5-F25C-4600-A38B-5272A1DFC16B}.Debug|Any CPU.Build.0 = Debug|Any CPU
		{19D72BB5-F25C-4600-A38B-5272A1DFC16B}.Release|Any CPU.ActiveCfg = Release|Any CPU
		{19D72BB5-F25C-4600-A38B-5272A1DFC16B}.Release|Any CPU.Build.0 = Release|Any CPU
		{6B82D01B-194B-4657-B7B6-26D716D6CEEB}.Debug|Any CPU.ActiveCfg = Debug|Any CPU
		{6B82D01B-194B-4657-B7B6-26D716D6CEEB}.Debug|Any CPU.Build.0 = Debug|Any CPU
		{6B82D01B-194B-4657-B7B6-26D716D6CEEB}.Release|Any CPU.ActiveCfg = Release|Any CPU
		{6B82D01B-194B-4657-B7B6-26D716D6CEEB}.Release|Any CPU.Build.0 = Release|Any CPU
		{468A67E9-DEEE-4B4A-A96D-0D3C04EF0724}.Debug|Any CPU.ActiveCfg = Debug|Any CPU
		{468A67E9-DEEE-4B4A-A96D-0D3C04EF0724}.Debug|Any CPU.Build.0 = Debug|Any CPU
		{468A67E9-DEEE-4B4A-A96D-0D3C04EF0724}.Release|Any CPU.ActiveCfg = Release|Any CPU
		{468A67E9-DEEE-4B4A-A96D-0D3C04EF0724}.Release|Any CPU.Build.0 = Release|Any CPU
		{3BF9B6AF-18D7-404C-86C5-EEABF00F640C}.Debug|Any CPU.ActiveCfg = Debug|Any CPU
		{3BF9B6AF-18D7-404C-86C5-EEABF00F640C}.Debug|Any CPU.Build.0 = Debug|Any CPU
		{3BF9B6AF-18D7-404C-86C5-EEABF00F640C}.Release|Any CPU.ActiveCfg = Release|Any CPU
		{3BF9B6AF-18D7-404C-86C5-EEABF00F640C}.Release|Any CPU.Build.0 = Release|Any CPU
		{42D8F938-EFDA-4E92-822C-7E52D634D784}.Debug|Any CPU.ActiveCfg = Debug|Any CPU
		{42D8F938-EFDA-4E92-822C-7E52D634D784}.Debug|Any CPU.Build.0 = Debug|Any CPU
		{42D8F938-EFDA-4E92-822C-7E52D634D784}.Release|Any CPU.ActiveCfg = Release|Any CPU
		{42D8F938-EFDA-4E92-822C-7E52D634D784}.Release|Any CPU.Build.0 = Release|Any CPU
		{4725DFFA-EC6F-4C2F-BF2F-909F59FAE86B}.Debug|Any CPU.ActiveCfg = Debug|Any CPU
		{4725DFFA-EC6F-4C2F-BF2F-909F59FAE86B}.Debug|Any CPU.Build.0 = Debug|Any CPU
		{4725DFFA-EC6F-4C2F-BF2F-909F59FAE86B}.Release|Any CPU.ActiveCfg = Release|Any CPU
		{4725DFFA-EC6F-4C2F-BF2F-909F59FAE86B}.Release|Any CPU.Build.0 = Release|Any CPU
		{9814E8F1-1309-4600-B45F-74A2AA597D30}.Debug|Any CPU.ActiveCfg = Debug|Any CPU
		{9814E8F1-1309-4600-B45F-74A2AA597D30}.Debug|Any CPU.Build.0 = Debug|Any CPU
		{9814E8F1-1309-4600-B45F-74A2AA597D30}.Release|Any CPU.ActiveCfg = Release|Any CPU
		{9814E8F1-1309-4600-B45F-74A2AA597D30}.Release|Any CPU.Build.0 = Release|Any CPU
	EndGlobalSection
	GlobalSection(SolutionProperties) = preSolution
		HideSolutionNode = FALSE
	EndGlobalSection
	GlobalSection(NestedProjects) = preSolution
		{19D72BB5-F25C-4600-A38B-5272A1DFC16B} = {25070C92-6C98-4E0C-A712-2BB0BD5BD7B0}
		{6B82D01B-194B-4657-B7B6-26D716D6CEEB} = {25070C92-6C98-4E0C-A712-2BB0BD5BD7B0}
		{468A67E9-DEEE-4B4A-A96D-0D3C04EF0724} = {25070C92-6C98-4E0C-A712-2BB0BD5BD7B0}
		{3BF9B6AF-18D7-404C-86C5-EEABF00F640C} = {25070C92-6C98-4E0C-A712-2BB0BD5BD7B0}
		{42D8F938-EFDA-4E92-822C-7E52D634D784} = {F849A993-6878-4C5A-94DB-B161554D974D}
		{4725DFFA-EC6F-4C2F-BF2F-909F59FAE86B} = {F849A993-6878-4C5A-94DB-B161554D974D}
		{9814E8F1-1309-4600-B45F-74A2AA597D30} = {F849A993-6878-4C5A-94DB-B161554D974D}
	EndGlobalSection
	GlobalSection(ExtensibilityGlobals) = postSolution
		SolutionGuid = {C0D27B39-128D-4B6A-AE88-DE9E60145BE7}
	EndGlobalSection
EndGlobal
